
Microsoft Visual Studio Solution File, Format Version 12.00
# Visual Studio Version 17
VisualStudioVersion = 17.0.32014.148
MinimumVisualStudioVersion = 10.0.40219.1
Project("{FAE04EC0-301F-11D3-BF4B-00C04F79EFBC}") = "Letmebe", "Letmebe\Letmebe.csproj", "{D40B720B-D929-4845-985E-821D5E41FF4C}"
EndProject
Global
	GlobalSection(SolutionConfigurationPlatforms) = preSolution
		Debug|Any CPU = Debug|Any CPU
		Release|Any CPU = Release|Any CPU
	EndGlobalSection
	GlobalSection(ProjectConfigurationPlatforms) = postSolution
		{D40B720B-D929-4845-985E-821D5E41FF4C}.Debug|Any CPU.ActiveCfg = Debug|Any CPU
		{D40B720B-D929-4845-985E-821D5E41FF4C}.Debug|Any CPU.Build.0 = Debug|Any CPU
		{D40B720B-D929-4845-985E-821D5E41FF4C}.Release|Any CPU.ActiveCfg = Release|Any CPU
		{D40B720B-D929-4845-985E-821D5E41FF4C}.Release|Any CPU.Build.0 = Release|Any CPU
	EndGlobalSection
	GlobalSection(SolutionProperties) = preSolution
		HideSolutionNode = FALSE
	EndGlobalSection
	GlobalSection(ExtensibilityGlobals) = postSolution
		SolutionGuid = {66D80A61-46A0-4A3D-B9EA-4BFB31AB2CCF}
	EndGlobalSection
EndGlobal
